
Microsoft Visual Studio Solution File, Format Version 12.00
# Visual Studio Version 17
VisualStudioVersion = 17.10.35013.160
MinimumVisualStudioVersion = 10.0.40219.1
Project("{FAE04EC0-301F-11D3-BF4B-00C04F79EFBC}") = "UserManagement", "UserManagement\UserManagement.csproj", "{E9259A3D-952F-4801-AEA9-30CCD0CB9ED5}"
EndProject
Global
	GlobalSection(SolutionConfigurationPlatforms) = preSolution
		Debug|Any CPU = Debug|Any CPU
		Release|Any CPU = Release|Any CPU
	EndGlobalSection
	GlobalSection(ProjectConfigurationPlatforms) = postSolution
		{E9259A3D-952F-4801-AEA9-30CCD0CB9ED5}.Debug|Any CPU.ActiveCfg = Debug|Any CPU
		{E9259A3D-952F-4801-AEA9-30CCD0CB9ED5}.Debug|Any CPU.Build.0 = Debug|Any CPU
		{E9259A3D-952F-4801-AEA9-30CCD0CB9ED5}.Release|Any CPU.ActiveCfg = Release|Any CPU
		{E9259A3D-952F-4801-AEA9-30CCD0CB9ED5}.Release|Any CPU.Build.0 = Release|Any CPU
	EndGlobalSection
	GlobalSection(SolutionProperties) = preSolution
		HideSolutionNode = FALSE
	EndGlobalSection
	GlobalSection(ExtensibilityGlobals) = postSolution
		SolutionGuid = {7BBBC02C-C55F-4E62-913A-C8559D814E16}
	EndGlobalSection
EndGlobal
